{
  "requires": true,
  "lockfileVersion": 1,
  "dependencies": {
    "css-doodle": {
      "version": "0.6.1",
      "resolved": "https://registry.npmjs.org/css-doodle/-/css-doodle-0.6.1.tgz",
      "integrity": "sha512-YG0ovPk7VLnl5PLQ2vV9AF1SDcqlT0vjsR+QM4/0ZPW9Hg+Sp+9mckrpyF3wGwyuYUxO7+Sa2JSNnuGhdlHT4Q=="
    }
  }
}
